
Microsoft Visual Studio Solution File, Format Version 12.00
# Visual Studio Version 16
VisualStudioVersion = 16.0.32228.343
MinimumVisualStudioVersion = 10.0.40219.1
Project("{FAE04EC0-301F-11D3-BF4B-00C04F79EFBC}") = "UpDownCast", "UpDownCast\UpDownCast.csproj", "{D8305B19-967C-4B68-8362-23E34DB29118}"
EndProject
Global
	GlobalSection(SolutionConfigurationPlatforms) = preSolution
		Debug|Any CPU = Debug|Any CPU
		Release|Any CPU = Release|Any CPU
	EndGlobalSection
	GlobalSection(ProjectConfigurationPlatforms) = postSolution
		{D8305B19-967C-4B68-8362-23E34DB29118}.Debug|Any CPU.ActiveCfg = Debug|Any CPU
		{D8305B19-967C-4B68-8362-23E34DB29118}.Debug|Any CPU.Build.0 = Debug|Any CPU
		{D8305B19-967C-4B68-8362-23E34DB29118}.Release|Any CPU.ActiveCfg = Release|Any CPU
		{D8305B19-967C-4B68-8362-23E34DB29118}.Release|Any CPU.Build.0 = Release|Any CPU
	EndGlobalSection
	GlobalSection(SolutionProperties) = preSolution
		HideSolutionNode = FALSE
	EndGlobalSection
	GlobalSection(ExtensibilityGlobals) = postSolution
		SolutionGuid = {C4ECACA1-6CD9-4BF0-ADFB-A77883119DCE}
	EndGlobalSection
EndGlobal
